Microsoft Visual Studio Solution File, Format Version 11.00
# Visual Studio 2008

Project("{91C6D61B-0017-01F3-ABF4-0F1F5D520539}") = "COGG Jam", "Assembly-CSharp-firstpass.csproj", "{ACF79F81-2E95-48A6-069D-8445850DB90E}"
EndProject
Project("{91C6D61B-0017-01F3-ABF4-0F1F5D520539}") = "COGG Jam", "Assembly-CSharp.csproj", "{A51AEFAB-EF20-3D57-D0C9-B9F846232449}"
EndProject
Project("{91C6D61B-0017-01F3-ABF4-0F1F5D520539}") = "COGG Jam", "Assembly-CSharp-Editor.csproj", "{BE5359E6-B5A9-7007-12A4-E75018C063F5}"
EndProject
Global
	GlobalSection(SolutionConfigurationPlatforms) = preSolution
		Debug|Any CPU = Debug|Any CPU
		Release|Any CPU = Release|Any CPU
	EndGlobalSection
	GlobalSection(ProjectConfigurationPlatforms) = postSolution
		{ACF79F81-2E95-48A6-069D-8445850DB90E}.Debug|Any CPU.ActiveCfg = Debug|Any CPU
		{ACF79F81-2E95-48A6-069D-8445850DB90E}.Debug|Any CPU.Build.0 = Debug|Any CPU
		{ACF79F81-2E95-48A6-069D-8445850DB90E}.Release|Any CPU.ActiveCfg = Release|Any CPU
		{ACF79F81-2E95-48A6-069D-8445850DB90E}.Release|Any CPU.Build.0 = Release|Any CPU
		{A51AEFAB-EF20-3D57-D0C9-B9F846232449}.Debug|Any CPU.ActiveCfg = Debug|Any CPU
		{A51AEFAB-EF20-3D57-D0C9-B9F846232449}.Debug|Any CPU.Build.0 = Debug|Any CPU
		{A51AEFAB-EF20-3D57-D0C9-B9F846232449}.Release|Any CPU.ActiveCfg = Release|Any CPU
		{A51AEFAB-EF20-3D57-D0C9-B9F846232449}.Release|Any CPU.Build.0 = Release|Any CPU
		{BE5359E6-B5A9-7007-12A4-E75018C063F5}.Debug|Any CPU.ActiveCfg = Debug|Any CPU
		{BE5359E6-B5A9-7007-12A4-E75018C063F5}.Debug|Any CPU.Build.0 = Debug|Any CPU
		{BE5359E6-B5A9-7007-12A4-E75018C063F5}.Release|Any CPU.ActiveCfg = Release|Any CPU
		{BE5359E6-B5A9-7007-12A4-E75018C063F5}.Release|Any CPU.Build.0 = Release|Any CPU
	EndGlobalSection
	GlobalSection(SolutionProperties) = preSolution
		HideSolutionNode = FALSE
	EndGlobalSection
	GlobalSection(MonoDevelopProperties) = preSolution
		StartupItem = Assembly-CSharp.csproj
	EndGlobalSection
EndGlobal
